
Microsoft Visual Studio Solution File, Format Version 12.00
# Visual Studio 15
Project("{2150E333-8FDC-42A3-9474-1A3956D46DE8}") = "CMakePredefinedTargets", "CMakePredefinedTargets", "{E3B449EF-FE73-3767-85EE-47C1C9FD768F}"
EndProject
Project("{2150E333-8FDC-42A3-9474-1A3956D46DE8}") = "External", "External", "{F5866549-9820-3ADA-AC03-D9185E98525D}"
EndProject
Project("{2150E333-8FDC-42A3-9474-1A3956D46DE8}") = "Internal", "Internal", "{A5D5560C-45D2-3BA1-8B93-D59DE5A4B87F}"
EndProject
Project("{8BC9CEB8-8B4A-11D0-8D11-00A0C91BC942}") = "ALL_BUILD", "ALL_BUILD.vcxproj", "{E1A7BEBB-D87B-3D97-9046-FB21E758512B}"
	ProjectSection(ProjectDependencies) = postProject
		{E820E90A-61F9-3456-85CF-A57FC63B32C2} = {E820E90A-61F9-3456-85CF-A57FC63B32C2}
		{7812E2CF-490D-3626-8C03-BA39F7336891} = {7812E2CF-490D-3626-8C03-BA39F7336891}
		{4086AF3C-3ED9-318B-A037-62F6F442A9F5} = {4086AF3C-3ED9-318B-A037-62F6F442A9F5}
		{DAA3C43A-EF99-3F9B-939F-888C71B1764A} = {DAA3C43A-EF99-3F9B-939F-888C71B1764A}
		{ACCC8DE2-9885-3D70-BC87-0418593A3CD9} = {ACCC8DE2-9885-3D70-BC87-0418593A3CD9}
		{4D7F785A-F9D7-3123-B05D-7A7A0E96D4B0} = {4D7F785A-F9D7-3123-B05D-7A7A0E96D4B0}
		{E510EC7A-DE0C-3496-A273-91C685243639} = {E510EC7A-DE0C-3496-A273-91C685243639}
		{6F5BD0AE-D72C-37FC-891B-61F2C0E34277} = {6F5BD0AE-D72C-37FC-891B-61F2C0E34277}
		{2277738D-5265-3A7B-B460-E0C8A4242638} = {2277738D-5265-3A7B-B460-E0C8A4242638}
		{A196F2DE-8785-3C3B-9944-4104E1919EEA} = {A196F2DE-8785-3C3B-9944-4104E1919EEA}
		{41EA2AE7-74AB-3BC7-9C42-133C3646A362} = {41EA2AE7-74AB-3BC7-9C42-133C3646A362}
		{A69FE45D-6308-3AB7-BC36-1D85477C47ED} = {A69FE45D-6308-3AB7-BC36-1D85477C47ED}
		{CC24BE65-F38D-3A25-98D1-38390F020C81} = {CC24BE65-F38D-3A25-98D1-38390F020C81}
	EndProjectSection
EndProject
Project("{8BC9CEB8-8B4A-11D0-8D11-00A0C91BC942}") = "ZERO_CHECK", "..\..\..\\ZERO_CHECK.vcxproj", "{E820E90A-61F9-3456-85CF-A57FC63B32C2}"
	ProjectSection(ProjectDependencies) = postProject
	EndProjectSection
EndProject
Project("{8BC9CEB8-8B4A-11D0-8D11-00A0C91BC942}") = "cocos2d", "cocos2d.vcxproj", "{7812E2CF-490D-3626-8C03-BA39F7336891}"
	ProjectSection(ProjectDependencies) = postProject
		{E820E90A-61F9-3456-85CF-A57FC63B32C2} = {E820E90A-61F9-3456-85CF-A57FC63B32C2}
		{4086AF3C-3ED9-318B-A037-62F6F442A9F5} = {4086AF3C-3ED9-318B-A037-62F6F442A9F5}
		{DAA3C43A-EF99-3F9B-939F-888C71B1764A} = {DAA3C43A-EF99-3F9B-939F-888C71B1764A}
		{ACCC8DE2-9885-3D70-BC87-0418593A3CD9} = {ACCC8DE2-9885-3D70-BC87-0418593A3CD9}
		{4D7F785A-F9D7-3123-B05D-7A7A0E96D4B0} = {4D7F785A-F9D7-3123-B05D-7A7A0E96D4B0}
		{E510EC7A-DE0C-3496-A273-91C685243639} = {E510EC7A-DE0C-3496-A273-91C685243639}
		{6F5BD0AE-D72C-37FC-891B-61F2C0E34277} = {6F5BD0AE-D72C-37FC-891B-61F2C0E34277}
		{2277738D-5265-3A7B-B460-E0C8A4242638} = {2277738D-5265-3A7B-B460-E0C8A4242638}
		{A196F2DE-8785-3C3B-9944-4104E1919EEA} = {A196F2DE-8785-3C3B-9944-4104E1919EEA}
		{41EA2AE7-74AB-3BC7-9C42-133C3646A362} = {41EA2AE7-74AB-3BC7-9C42-133C3646A362}
		{A69FE45D-6308-3AB7-BC36-1D85477C47ED} = {A69FE45D-6308-3AB7-BC36-1D85477C47ED}
		{CC24BE65-F38D-3A25-98D1-38390F020C81} = {CC24BE65-F38D-3A25-98D1-38390F020C81}
	EndProjectSection
EndProject
Project("{8BC9CEB8-8B4A-11D0-8D11-00A0C91BC942}") = "ext_clipper", "..\..\external\clipper\ext_clipper.vcxproj", "{4086AF3C-3ED9-318B-A037-62F6F442A9F5}"
	ProjectSection(ProjectDependencies) = postProject
		{E820E90A-61F9-3456-85CF-A57FC63B32C2} = {E820E90A-61F9-3456-85CF-A57FC63B32C2}
	EndProjectSection
EndProject
Project("{8BC9CEB8-8B4A-11D0-8D11-00A0C91BC942}") = "ext_convertUTF", "..\..\external\ConvertUTF\ext_convertUTF.vcxproj", "{DAA3C43A-EF99-3F9B-939F-888C71B1764A}"
	ProjectSection(ProjectDependencies) = postProject
		{E820E90A-61F9-3456-85CF-A57FC63B32C2} = {E820E90A-61F9-3456-85CF-A57FC63B32C2}
	EndProjectSection
EndProject
Project("{8BC9CEB8-8B4A-11D0-8D11-00A0C91BC942}") = "ext_edtaa3func", "..\..\external\edtaa3func\ext_edtaa3func.vcxproj", "{ACCC8DE2-9885-3D70-BC87-0418593A3CD9}"
	ProjectSection(ProjectDependencies) = postProject
		{E820E90A-61F9-3456-85CF-A57FC63B32C2} = {E820E90A-61F9-3456-85CF-A57FC63B32C2}
	EndProjectSection
EndProject
Project("{8BC9CEB8-8B4A-11D0-8D11-00A0C91BC942}") = "ext_md5", "..\..\external\md5\ext_md5.vcxproj", "{4D7F785A-F9D7-3123-B05D-7A7A0E96D4B0}"
	ProjectSection(ProjectDependencies) = postProject
		{E820E90A-61F9-3456-85CF-A57FC63B32C2} = {E820E90A-61F9-3456-85CF-A57FC63B32C2}
	EndProjectSection
EndProject
Project("{8BC9CEB8-8B4A-11D0-8D11-00A0C91BC942}") = "ext_poly2tri", "..\..\external\poly2tri\ext_poly2tri.vcxproj", "{E510EC7A-DE0C-3496-A273-91C685243639}"
	ProjectSection(ProjectDependencies) = postProject
		{E820E90A-61F9-3456-85CF-A57FC63B32C2} = {E820E90A-61F9-3456-85CF-A57FC63B32C2}
	EndProjectSection
EndProject
Project("{8BC9CEB8-8B4A-11D0-8D11-00A0C91BC942}") = "ext_recast", "..\..\external\recast\ext_recast.vcxproj", "{6F5BD0AE-D72C-37FC-891B-61F2C0E34277}"
	ProjectSection(ProjectDependencies) = postProject
		{E820E90A-61F9-3456-85CF-A57FC63B32C2} = {E820E90A-61F9-3456-85CF-A57FC63B32C2}
	EndProjectSection
EndProject
Project("{8BC9CEB8-8B4A-11D0-8D11-00A0C91BC942}") = "ext_tinyxml2", "..\..\external\tinyxml2\ext_tinyxml2.vcxproj", "{2277738D-5265-3A7B-B460-E0C8A4242638}"
	ProjectSection(ProjectDependencies) = postProject
		{E820E90A-61F9-3456-85CF-A57FC63B32C2} = {E820E90A-61F9-3456-85CF-A57FC63B32C2}
	EndProjectSection
EndProject
Project("{8BC9CEB8-8B4A-11D0-8D11-00A0C91BC942}") = "ext_unzip", "..\..\external\unzip\ext_unzip.vcxproj", "{A196F2DE-8785-3C3B-9944-4104E1919EEA}"
	ProjectSection(ProjectDependencies) = postProject
		{E820E90A-61F9-3456-85CF-A57FC63B32C2} = {E820E90A-61F9-3456-85CF-A57FC63B32C2}
	EndProjectSection
EndProject
Project("{8BC9CEB8-8B4A-11D0-8D11-00A0C91BC942}") = "ext_xxhash", "..\..\external\xxhash\ext_xxhash.vcxproj", "{41EA2AE7-74AB-3BC7-9C42-133C3646A362}"
	ProjectSection(ProjectDependencies) = postProject
		{E820E90A-61F9-3456-85CF-A57FC63B32C2} = {E820E90A-61F9-3456-85CF-A57FC63B32C2}
	EndProjectSection
EndProject
Project("{8BC9CEB8-8B4A-11D0-8D11-00A0C91BC942}") = "ext_xxtea", "..\..\external\xxtea\ext_xxtea.vcxproj", "{A69FE45D-6308-3AB7-BC36-1D85477C47ED}"
	ProjectSection(ProjectDependencies) = postProject
		{E820E90A-61F9-3456-85CF-A57FC63B32C2} = {E820E90A-61F9-3456-85CF-A57FC63B32C2}
	EndProjectSection
EndProject
Project("{8BC9CEB8-8B4A-11D0-8D11-00A0C91BC942}") = "external", "..\..\external\external.vcxproj", "{CC24BE65-F38D-3A25-98D1-38390F020C81}"
	ProjectSection(ProjectDependencies) = postProject
		{E820E90A-61F9-3456-85CF-A57FC63B32C2} = {E820E90A-61F9-3456-85CF-A57FC63B32C2}
		{4086AF3C-3ED9-318B-A037-62F6F442A9F5} = {4086AF3C-3ED9-318B-A037-62F6F442A9F5}
		{DAA3C43A-EF99-3F9B-939F-888C71B1764A} = {DAA3C43A-EF99-3F9B-939F-888C71B1764A}
		{ACCC8DE2-9885-3D70-BC87-0418593A3CD9} = {ACCC8DE2-9885-3D70-BC87-0418593A3CD9}
		{4D7F785A-F9D7-3123-B05D-7A7A0E96D4B0} = {4D7F785A-F9D7-3123-B05D-7A7A0E96D4B0}
		{E510EC7A-DE0C-3496-A273-91C685243639} = {E510EC7A-DE0C-3496-A273-91C685243639}
		{6F5BD0AE-D72C-37FC-891B-61F2C0E34277} = {6F5BD0AE-D72C-37FC-891B-61F2C0E34277}
		{2277738D-5265-3A7B-B460-E0C8A4242638} = {2277738D-5265-3A7B-B460-E0C8A4242638}
		{A196F2DE-8785-3C3B-9944-4104E1919EEA} = {A196F2DE-8785-3C3B-9944-4104E1919EEA}
		{41EA2AE7-74AB-3BC7-9C42-133C3646A362} = {41EA2AE7-74AB-3BC7-9C42-133C3646A362}
		{A69FE45D-6308-3AB7-BC36-1D85477C47ED} = {A69FE45D-6308-3AB7-BC36-1D85477C47ED}
	EndProjectSection
EndProject
Global
	GlobalSection(SolutionConfigurationPlatforms) = preSolution
		Debug|win32 = Debug|win32
		Release|win32 = Release|win32
		MinSizeRel|win32 = MinSizeRel|win32
		RelWithDebInfo|win32 = RelWithDebInfo|win32
	EndGlobalSection
	GlobalSection(ProjectConfigurationPlatforms) = postSolution
		{E1A7BEBB-D87B-3D97-9046-FB21E758512B}.Debug|win32.ActiveCfg = Debug|win32
		{E1A7BEBB-D87B-3D97-9046-FB21E758512B}.Release|win32.ActiveCfg = Release|win32
		{E1A7BEBB-D87B-3D97-9046-FB21E758512B}.MinSizeRel|win32.ActiveCfg = MinSizeRel|win32
		{E1A7BEBB-D87B-3D97-9046-FB21E758512B}.RelWithDebInfo|win32.ActiveCfg = RelWithDebInfo|win32
		{E820E90A-61F9-3456-85CF-A57FC63B32C2}.Debug|win32.ActiveCfg = Debug|win32
		{E820E90A-61F9-3456-85CF-A57FC63B32C2}.Debug|win32.Build.0 = Debug|win32
		{E820E90A-61F9-3456-85CF-A57FC63B32C2}.Release|win32.ActiveCfg = Release|win32
		{E820E90A-61F9-3456-85CF-A57FC63B32C2}.Release|win32.Build.0 = Release|win32
		{E820E90A-61F9-3456-85CF-A57FC63B32C2}.MinSizeRel|win32.ActiveCfg = MinSizeRel|win32
		{E820E90A-61F9-3456-85CF-A57FC63B32C2}.MinSizeRel|win32.Build.0 = MinSizeRel|win32
		{E820E90A-61F9-3456-85CF-A57FC63B32C2}.RelWithDebInfo|win32.ActiveCfg = RelWithDebInfo|win32
		{E820E90A-61F9-3456-85CF-A57FC63B32C2}.RelWithDebInfo|win32.Build.0 = RelWithDebInfo|win32
		{7812E2CF-490D-3626-8C03-BA39F7336891}.Debug|win32.ActiveCfg = Debug|win32
		{7812E2CF-490D-3626-8C03-BA39F7336891}.Debug|win32.Build.0 = Debug|win32
		{7812E2CF-490D-3626-8C03-BA39F7336891}.Release|win32.ActiveCfg = Release|win32
		{7812E2CF-490D-3626-8C03-BA39F7336891}.Release|win32.Build.0 = Release|win32
		{7812E2CF-490D-3626-8C03-BA39F7336891}.MinSizeRel|win32.ActiveCfg = MinSizeRel|win32
		{7812E2CF-490D-3626-8C03-BA39F7336891}.MinSizeRel|win32.Build.0 = MinSizeRel|win32
		{7812E2CF-490D-3626-8C03-BA39F7336891}.RelWithDebInfo|win32.ActiveCfg = RelWithDebInfo|win32
		{7812E2CF-490D-3626-8C03-BA39F7336891}.RelWithDebInfo|win32.Build.0 = RelWithDebInfo|win32
		{4086AF3C-3ED9-318B-A037-62F6F442A9F5}.Debug|win32.ActiveCfg = Debug|win32
		{4086AF3C-3ED9-318B-A037-62F6F442A9F5}.Debug|win32.Build.0 = Debug|win32
		{4086AF3C-3ED9-318B-A037-62F6F442A9F5}.Release|win32.ActiveCfg = Release|win32
		{4086AF3C-3ED9-318B-A037-62F6F442A9F5}.Release|win32.Build.0 = Release|win32
		{4086AF3C-3ED9-318B-A037-62F6F442A9F5}.MinSizeRel|win32.ActiveCfg = MinSizeRel|win32
		{4086AF3C-3ED9-318B-A037-62F6F442A9F5}.MinSizeRel|win32.Build.0 = MinSizeRel|win32
		{4086AF3C-3ED9-318B-A037-62F6F442A9F5}.RelWithDebInfo|win32.ActiveCfg = RelWithDebInfo|win32
		{4086AF3C-3ED9-318B-A037-62F6F442A9F5}.RelWithDebInfo|win32.Build.0 = RelWithDebInfo|win32
		{DAA3C43A-EF99-3F9B-939F-888C71B1764A}.Debug|win32.ActiveCfg = Debug|win32
		{DAA3C43A-EF99-3F9B-939F-888C71B1764A}.Debug|win32.Build.0 = Debug|win32
		{DAA3C43A-EF99-3F9B-939F-888C71B1764A}.Release|win32.ActiveCfg = Release|win32
		{DAA3C43A-EF99-3F9B-939F-888C71B1764A}.Release|win32.Build.0 = Release|win32
		{DAA3C43A-EF99-3F9B-939F-888C71B1764A}.MinSizeRel|win32.ActiveCfg = MinSizeRel|win32
		{DAA3C43A-EF99-3F9B-939F-888C71B1764A}.MinSizeRel|win32.Build.0 = MinSizeRel|win32
		{DAA3C43A-EF99-3F9B-939F-888C71B1764A}.RelWithDebInfo|win32.ActiveCfg = RelWithDebInfo|win32
		{DAA3C43A-EF99-3F9B-939F-888C71B1764A}.RelWithDebInfo|win32.Build.0 = RelWithDebInfo|win32
		{ACCC8DE2-9885-3D70-BC87-0418593A3CD9}.Debug|win32.ActiveCfg = Debug|win32
		{ACCC8DE2-9885-3D70-BC87-0418593A3CD9}.Debug|win32.Build.0 = Debug|win32
		{ACCC8DE2-9885-3D70-BC87-0418593A3CD9}.Release|win32.ActiveCfg = Release|win32
		{ACCC8DE2-9885-3D70-BC87-0418593A3CD9}.Release|win32.Build.0 = Release|win32
		{ACCC8DE2-9885-3D70-BC87-0418593A3CD9}.MinSizeRel|win32.ActiveCfg = MinSizeRel|win32
		{ACCC8DE2-9885-3D70-BC87-0418593A3CD9}.MinSizeRel|win32.Build.0 = MinSizeRel|win32
		{ACCC8DE2-9885-3D70-BC87-0418593A3CD9}.RelWithDebInfo|win32.ActiveCfg = RelWithDebInfo|win32
		{ACCC8DE2-9885-3D70-BC87-0418593A3CD9}.RelWithDebInfo|win32.Build.0 = RelWithDebInfo|win32
		{4D7F785A-F9D7-3123-B05D-7A7A0E96D4B0}.Debug|win32.ActiveCfg = Debug|win32
		{4D7F785A-F9D7-3123-B05D-7A7A0E96D4B0}.Debug|win32.Build.0 = Debug|win32
		{4D7F785A-F9D7-3123-B05D-7A7A0E96D4B0}.Release|win32.ActiveCfg = Release|win32
		{4D7F785A-F9D7-3123-B05D-7A7A0E96D4B0}.Release|win32.Build.0 = Release|win32
		{4D7F785A-F9D7-3123-B05D-7A7A0E96D4B0}.MinSizeRel|win32.ActiveCfg = MinSizeRel|win32
		{4D7F785A-F9D7-3123-B05D-7A7A0E96D4B0}.MinSizeRel|win32.Build.0 = MinSizeRel|win32
		{4D7F785A-F9D7-3123-B05D-7A7A0E96D4B0}.RelWithDebInfo|win32.ActiveCfg = RelWithDebInfo|win32
		{4D7F785A-F9D7-3123-B05D-7A7A0E96D4B0}.RelWithDebInfo|win32.Build.0 = RelWithDebInfo|win32
		{E510EC7A-DE0C-3496-A273-91C685243639}.Debug|win32.ActiveCfg = Debug|win32
		{E510EC7A-DE0C-3496-A273-91C685243639}.Debug|win32.Build.0 = Debug|win32
		{E510EC7A-DE0C-3496-A273-91C685243639}.Release|win32.ActiveCfg = Release|win32
		{E510EC7A-DE0C-3496-A273-91C685243639}.Release|win32.Build.0 = Release|win32
		{E510EC7A-DE0C-3496-A273-91C685243639}.MinSizeRel|win32.ActiveCfg = MinSizeRel|win32
		{E510EC7A-DE0C-3496-A273-91C685243639}.MinSizeRel|win32.Build.0 = MinSizeRel|win32
		{E510EC7A-DE0C-3496-A273-91C685243639}.RelWithDebInfo|win32.ActiveCfg = RelWithDebInfo|win32
		{E510EC7A-DE0C-3496-A273-91C685243639}.RelWithDebInfo|win32.Build.0 = RelWithDebInfo|win32
		{6F5BD0AE-D72C-37FC-891B-61F2C0E34277}.Debug|win32.ActiveCfg = Debug|win32
		{6F5BD0AE-D72C-37FC-891B-61F2C0E34277}.Debug|win32.Build.0 = Debug|win32
		{6F5BD0AE-D72C-37FC-891B-61F2C0E34277}.Release|win32.ActiveCfg = Release|win32
		{6F5BD0AE-D72C-37FC-891B-61F2C0E34277}.Release|win32.Build.0 = Release|win32
		{6F5BD0AE-D72C-37FC-891B-61F2C0E34277}.MinSizeRel|win32.ActiveCfg = MinSizeRel|win32
		{6F5BD0AE-D72C-37FC-891B-61F2C0E34277}.MinSizeRel|win32.Build.0 = MinSizeRel|win32
		{6F5BD0AE-D72C-37FC-891B-61F2C0E34277}.RelWithDebInfo|win32.ActiveCfg = RelWithDebInfo|win32
		{6F5BD0AE-D72C-37FC-891B-61F2C0E34277}.RelWithDebInfo|win32.Build.0 = RelWithDebInfo|win32
		{2277738D-5265-3A7B-B460-E0C8A4242638}.Debug|win32.ActiveCfg = Debug|win32
		{2277738D-5265-3A7B-B460-E0C8A4242638}.Debug|win32.Build.0 = Debug|win32
		{2277738D-5265-3A7B-B460-E0C8A4242638}.Release|win32.ActiveCfg = Release|win32
		{2277738D-5265-3A7B-B460-E0C8A4242638}.Release|win32.Build.0 = Release|win32
		{2277738D-5265-3A7B-B460-E0C8A4242638}.MinSizeRel|win32.ActiveCfg = MinSizeRel|win32
		{2277738D-5265-3A7B-B460-E0C8A4242638}.MinSizeRel|win32.Build.0 = MinSizeRel|win32
		{2277738D-5265-3A7B-B460-E0C8A4242638}.RelWithDebInfo|win32.ActiveCfg = RelWithDebInfo|win32
		{2277738D-5265-3A7B-B460-E0C8A4242638}.RelWithDebInfo|win32.Build.0 = RelWithDebInfo|win32
		{A196F2DE-8785-3C3B-9944-4104E1919EEA}.Debug|win32.ActiveCfg = Debug|win32
		{A196F2DE-8785-3C3B-9944-4104E1919EEA}.Debug|win32.Build.0 = Debug|win32
		{A196F2DE-8785-3C3B-9944-4104E1919EEA}.Release|win32.ActiveCfg = Release|win32
		{A196F2DE-8785-3C3B-9944-4104E1919EEA}.Release|win32.Build.0 = Release|win32
		{A196F2DE-8785-3C3B-9944-4104E1919EEA}.MinSizeRel|win32.ActiveCfg = MinSizeRel|win32
		{A196F2DE-8785-3C3B-9944-4104E1919EEA}.MinSizeRel|win32.Build.0 = MinSizeRel|win32
		{A196F2DE-8785-3C3B-9944-4104E1919EEA}.RelWithDebInfo|win32.ActiveCfg = RelWithDebInfo|win32
		{A196F2DE-8785-3C3B-9944-4104E1919EEA}.RelWithDebInfo|win32.Build.0 = RelWithDebInfo|win32
		{41EA2AE7-74AB-3BC7-9C42-133C3646A362}.Debug|win32.ActiveCfg = Debug|win32
		{41EA2AE7-74AB-3BC7-9C42-133C3646A362}.Debug|win32.Build.0 = Debug|win32
		{41EA2AE7-74AB-3BC7-9C42-133C3646A362}.Release|win32.ActiveCfg = Release|win32
		{41EA2AE7-74AB-3BC7-9C42-133C3646A362}.Release|win32.Build.0 = Release|win32
		{41EA2AE7-74AB-3BC7-9C42-133C3646A362}.MinSizeRel|win32.ActiveCfg = MinSizeRel|win32
		{41EA2AE7-74AB-3BC7-9C42-133C3646A362}.MinSizeRel|win32.Build.0 = MinSizeRel|win32
		{41EA2AE7-74AB-3BC7-9C42-133C3646A362}.RelWithDebInfo|win32.ActiveCfg = RelWithDebInfo|win32
		{41EA2AE7-74AB-3BC7-9C42-133C3646A362}.RelWithDebInfo|win32.Build.0 = RelWithDebInfo|win32
		{A69FE45D-6308-3AB7-BC36-1D85477C47ED}.Debug|win32.ActiveCfg = Debug|win32
		{A69FE45D-6308-3AB7-BC36-1D85477C47ED}.Debug|win32.Build.0 = Debug|win32
		{A69FE45D-6308-3AB7-BC36-1D85477C47ED}.Release|win32.ActiveCfg = Release|win32
		{A69FE45D-6308-3AB7-BC36-1D85477C47ED}.Release|win32.Build.0 = Release|win32
		{A69FE45D-6308-3AB7-BC36-1D85477C47ED}.MinSizeRel|win32.ActiveCfg = MinSizeRel|win32
		{A69FE45D-6308-3AB7-BC36-1D85477C47ED}.MinSizeRel|win32.Build.0 = MinSizeRel|win32
		{A69FE45D-6308-3AB7-BC36-1D85477C47ED}.RelWithDebInfo|win32.ActiveCfg = RelWithDebInfo|win32
		{A69FE45D-6308-3AB7-BC36-1D85477C47ED}.RelWithDebInfo|win32.Build.0 = RelWithDebInfo|win32
		{CC24BE65-F38D-3A25-98D1-38390F020C81}.Debug|win32.ActiveCfg = Debug|win32
		{CC24BE65-F38D-3A25-98D1-38390F020C81}.Debug|win32.Build.0 = Debug|win32
		{CC24BE65-F38D-3A25-98D1-38390F020C81}.Release|win32.ActiveCfg = Release|win32
		{CC24BE65-F38D-3A25-98D1-38390F020C81}.Release|win32.Build.0 = Release|win32
		{CC24BE65-F38D-3A25-98D1-38390F020C81}.MinSizeRel|win32.ActiveCfg = MinSizeRel|win32
		{CC24BE65-F38D-3A25-98D1-38390F020C81}.MinSizeRel|win32.Build.0 = MinSizeRel|win32
		{CC24BE65-F38D-3A25-98D1-38390F020C81}.RelWithDebInfo|win32.ActiveCfg = RelWithDebInfo|win32
		{CC24BE65-F38D-3A25-98D1-38390F020C81}.RelWithDebInfo|win32.Build.0 = RelWithDebInfo|win32
	EndGlobalSection
	GlobalSection(NestedProjects) = preSolution
		{E1A7BEBB-D87B-3D97-9046-FB21E758512B} = {E3B449EF-FE73-3767-85EE-47C1C9FD768F}
		{E820E90A-61F9-3456-85CF-A57FC63B32C2} = {E3B449EF-FE73-3767-85EE-47C1C9FD768F}
		{4086AF3C-3ED9-318B-A037-62F6F442A9F5} = {F5866549-9820-3ADA-AC03-D9185E98525D}
		{DAA3C43A-EF99-3F9B-939F-888C71B1764A} = {F5866549-9820-3ADA-AC03-D9185E98525D}
		{ACCC8DE2-9885-3D70-BC87-0418593A3CD9} = {F5866549-9820-3ADA-AC03-D9185E98525D}
		{4D7F785A-F9D7-3123-B05D-7A7A0E96D4B0} = {F5866549-9820-3ADA-AC03-D9185E98525D}
		{E510EC7A-DE0C-3496-A273-91C685243639} = {F5866549-9820-3ADA-AC03-D9185E98525D}
		{6F5BD0AE-D72C-37FC-891B-61F2C0E34277} = {F5866549-9820-3ADA-AC03-D9185E98525D}
		{2277738D-5265-3A7B-B460-E0C8A4242638} = {F5866549-9820-3ADA-AC03-D9185E98525D}
		{A196F2DE-8785-3C3B-9944-4104E1919EEA} = {F5866549-9820-3ADA-AC03-D9185E98525D}
		{41EA2AE7-74AB-3BC7-9C42-133C3646A362} = {F5866549-9820-3ADA-AC03-D9185E98525D}
		{A69FE45D-6308-3AB7-BC36-1D85477C47ED} = {F5866549-9820-3ADA-AC03-D9185E98525D}
		{CC24BE65-F38D-3A25-98D1-38390F020C81} = {F5866549-9820-3ADA-AC03-D9185E98525D}
		{7812E2CF-490D-3626-8C03-BA39F7336891} = {A5D5560C-45D2-3BA1-8B93-D59DE5A4B87F}
	EndGlobalSection
	GlobalSection(ExtensibilityGlobals) = postSolution
		SolutionGuid = {88F5AF18-C33A-3CA4-8C69-642FE3216C3E}
	EndGlobalSection
	GlobalSection(ExtensibilityAddIns) = postSolution
	EndGlobalSection
EndGlobal
